{
  "lockfileVersion": 1,
  "configVersion": 1,
  "workspaces": {
    "": {
      "devDependencies": {
        "@ast-grep/cli": "^0.42.1",
      },
    },
  },
  "packages": {
    "@ast-grep/cli": ["@ast-grep/cli@0.42.1", "", { "dependencies": { "detect-libc": "2.1.2" }, "optionalDependencies": { "@ast-grep/cli-darwin-arm64": "0.42.1", "@ast-grep/cli-darwin-x64": "0.42.1", "@ast-grep/cli-linux-arm64-gnu": "0.42.1", "@ast-grep/cli-linux-x64-gnu": "0.42.1", "@ast-grep/cli-win32-arm64-msvc": "0.42.1", "@ast-grep/cli-win32-ia32-msvc": "0.42.1", "@ast-grep/cli-win32-x64-msvc": "0.42.1" }, "bin": { "sg": "sg", "ast-grep": "ast-grep" } }, "sha512-L1D7JX7p/RohtvE4IViKelWCtEYjQDvmlZ85aP4LmJVoQth/iC/+z/fCXmg6qSK8zr9IjC9okpxDZX7x1arKbQ=="],

    "@ast-grep/cli-darwin-arm64": ["@ast-grep/cli-darwin-arm64@0.42.1", "", { "os": "darwin", "cpu": "arm64" }, "sha512-G9rk0NAN10mybxi611CVNqwPtPO+yF0rFqPzpdgHBa4roeCq5FYsg2q/WqxM95st3jilNS9UIfZFD0i3BDfKEw=="],

    "@ast-grep/cli-darwin-x64": ["@ast-grep/cli-darwin-x64@0.42.1", "", { "os": "darwin", "cpu": "x64" }, "sha512-IZ1HY69zj6sj4QnHKPR71FjtuCDImhLW5v5QhTGq6Fl0T9fjhQP/g9aEk7PrJB1puOk4HhTw/J/u0wZOPmp4bA=="],

    "@ast-grep/cli-linux-arm64-gnu": ["@ast-grep/cli-linux-arm64-gnu@0.42.1", "", { "os": "linux", "cpu": "arm64" }, "sha512-eirVmtAciL1cXwvODYkqKEFtWgxxYyhNLTTNchdKynktFixuAmAvn0OUX0bcQnhXH5DgsdT4+1+CtvjuPc5uGQ=="],

    "@ast-grep/cli-linux-x64-gnu": ["@ast-grep/cli-linux-x64-gnu@0.42.1", "", { "os": "linux", "cpu": "x64" }, "sha512-DrsV3+LkzwcaCw2AkLqM5o9ISaS4ZfJIL96RIdFRD+ydp5Mirsdw3aZdDmBqpa6nxt2NjMsFWgOivvzPiKzGAw=="],

    "@ast-grep/cli-win32-arm64-msvc": ["@ast-grep/cli-win32-arm64-msvc@0.42.1", "", { "os": "win32", "cpu": "arm64" }, "sha512-9DabeCAtOQEUTiCVB6fpoJ0mI21brEAa5oY2jjOzaz1SBwYuh9TPLnKBn8F+PYbUU/4Umyy26YwVg+xw4+J/Ug=="],

    "@ast-grep/cli-win32-ia32-msvc": ["@ast-grep/cli-win32-ia32-msvc@0.42.1", "", { "os": "win32", "cpu": "ia32" }, "sha512-xQlxTwaqiCzOUZc5lB6rp/glS0DmQd67ID6MliRZ3TH1PvX+a3oiP+QEdSgcvfcArObuKxtRGNKlOfgwMe+J8Q=="],

    "@ast-grep/cli-win32-x64-msvc": ["@ast-grep/cli-win32-x64-msvc@0.42.1", "", { "os": "win32", "cpu": "x64" }, "sha512-bOMSGeTKGfYBB1m+S0WLiA2GUkNVBaHOy+mKw27mf/kd6W2KNG3DJwAWry35qargLL0WP9PBcCaOkdnzeNyZ3A=="],

    "detect-libc": ["detect-libc@2.1.2", "", {}, "sha512-Btj2BOOO83o3WyH59e8MgXsxEQVcarkUOpEYrubB0urwnN10yQ364rsiByU11nZlqWYZm05i/of7io4mzihBtQ=="],
  }
}
